
Microsoft Visual Studio Solution File, Format Version 12.00
# Visual Studio Version 16
VisualStudioVersion = 16.0.28803.156
MinimumVisualStudioVersion = 10.0.40219.1
Project("{FAE04EC0-301F-11D3-BF4B-00C04F79EFBC}") = "SilentSync", "SilentSync\SilentSync.csproj", "{6BE09798-B246-487C-AC8D-703221D9AB95}"
EndProject
Global
	GlobalSection(SolutionConfigurationPlatforms) = preSolution
		Debug|Any CPU = Debug|Any CPU
		Release|Any CPU = Release|Any CPU
	EndGlobalSection
	GlobalSection(ProjectConfigurationPlatforms) = postSolution
		{6BE09798-B246-487C-AC8D-703221D9AB95}.Debug|Any CPU.ActiveCfg = Debug|Any CPU
		{6BE09798-B246-487C-AC8D-703221D9AB95}.Debug|Any CPU.Build.0 = Debug|Any CPU
		{6BE09798-B246-487C-AC8D-703221D9AB95}.Release|Any CPU.ActiveCfg = Release|Any CPU
		{6BE09798-B246-487C-AC8D-703221D9AB95}.Release|Any CPU.Build.0 = Release|Any CPU
	EndGlobalSection
	GlobalSection(SolutionProperties) = preSolution
		HideSolutionNode = FALSE
	EndGlobalSection
	GlobalSection(ExtensibilityGlobals) = postSolution
		SolutionGuid = {CCE10F49-E916-42A4-A233-BE36634C94DE}
	EndGlobalSection
EndGlobal
